
Microsoft Visual Studio Solution File, Format Version 12.00
Project("{FAE04EC0-301F-11D3-BF4B-00C04F79EFBC}") = "Bloomstead", "Bloomstead.csproj", "{20C93F3A-A226-42C4-86E9-680539597B58}"
EndProject
Global
	GlobalSection(SolutionConfigurationPlatforms) = preSolution
		Debug|Any CPU = Debug|Any CPU
		Release|Any CPU = Release|Any CPU
	EndGlobalSection
	GlobalSection(ProjectConfigurationPlatforms) = postSolution
		{20C93F3A-A226-42C4-86E9-680539597B58}.Debug|Any CPU.ActiveCfg = Debug|Any CPU
		{20C93F3A-A226-42C4-86E9-680539597B58}.Debug|Any CPU.Build.0 = Debug|Any CPU
		{20C93F3A-A226-42C4-86E9-680539597B58}.Release|Any CPU.ActiveCfg = Release|Any CPU
		{20C93F3A-A226-42C4-86E9-680539597B58}.Release|Any CPU.Build.0 = Release|Any CPU
	EndGlobalSection
EndGlobal
